
Microsoft Visual Studio Solution File, Format Version 12.00
# Visual Studio Express 2012 for Windows Desktop
Project("{FAE04EC0-301F-11D3-BF4B-00C04F79EFBC}") = "48", "48\48.csproj", "{012173E4-7E3A-4BA4-911B-F8243F843F53}"
EndProject
Global
	GlobalSection(SolutionConfigurationPlatforms) = preSolution
		Debug|Any CPU = Debug|Any CPU
		Release|Any CPU = Release|Any CPU
	EndGlobalSection
	GlobalSection(ProjectConfigurationPlatforms) = postSolution
		{012173E4-7E3A-4BA4-911B-F8243F843F53}.Debug|Any CPU.ActiveCfg = Debug|Any CPU
		{012173E4-7E3A-4BA4-911B-F8243F843F53}.Debug|Any CPU.Build.0 = Debug|Any CPU
		{012173E4-7E3A-4BA4-911B-F8243F843F53}.Release|Any CPU.ActiveCfg = Release|Any CPU
		{012173E4-7E3A-4BA4-911B-F8243F843F53}.Release|Any CPU.Build.0 = Release|Any CPU
	EndGlobalSection
	GlobalSection(SolutionProperties) = preSolution
		HideSolutionNode = FALSE
	EndGlobalSection
EndGlobal
